
Microsoft Visual Studio Solution File, Format Version 12.00
# Visual Studio 15
VisualStudioVersion = 15.0.27703.2026
MinimumVisualStudioVersion = 10.0.40219.1
Project("{9A19103F-16F7-4668-BE54-9A1E7A4F7556}") = "DataTables-Editor-Server", "DataTables-Editor-Server\DataTables-Editor-Server.csproj", "{949C3FEA-1DD1-4FA9-B340-0ADC61CD6FB7}"
EndProject
Global
	GlobalSection(SolutionConfigurationPlatforms) = preSolution
		Debug|Any CPU = Debug|Any CPU
		Release|Any CPU = Release|Any CPU
	EndGlobalSection
	GlobalSection(ProjectConfigurationPlatforms) = postSolution
		{949C3FEA-1DD1-4FA9-B340-0ADC61CD6FB7}.Debug|Any CPU.ActiveCfg = Debug|Any CPU
		{949C3FEA-1DD1-4FA9-B340-0ADC61CD6FB7}.Debug|Any CPU.Build.0 = Debug|Any CPU
		{949C3FEA-1DD1-4FA9-B340-0ADC61CD6FB7}.Release|Any CPU.ActiveCfg = Release|Any CPU
		{949C3FEA-1DD1-4FA9-B340-0ADC61CD6FB7}.Release|Any CPU.Build.0 = Release|Any CPU
	EndGlobalSection
	GlobalSection(SolutionProperties) = preSolution
		HideSolutionNode = FALSE
	EndGlobalSection
	GlobalSection(ExtensibilityGlobals) = postSolution
		SolutionGuid = {A5BF65E6-9EA5-4245-9459-DE92F2F8E1D6}
	EndGlobalSection
EndGlobal
